
Microsoft Visual Studio Solution File, Format Version 12.00
# Visual Studio Version 17
VisualStudioVersion = 17.1.32407.343
MinimumVisualStudioVersion = 10.0.40219.1
Project("{9A19103F-16F7-4668-BE54-9A1E7A4F7556}") = "Wordler.Web", "Wordler.Web\Wordler.Web.csproj", "{7358381A-3D07-4961-81F6-FFF771851CAA}"
EndProject
Project("{9A19103F-16F7-4668-BE54-9A1E7A4F7556}") = "Wordler.Core.UnitTests", "Wordler.Core.UnitTests\Wordler.Core.UnitTests.csproj", "{0BE52C09-91CF-499F-8840-8126FF0B924D}"
EndProject
Project("{9A19103F-16F7-4668-BE54-9A1E7A4F7556}") = "Wordler.Core", "Wordler.Core\Wordler.Core.csproj", "{8A2CE0C4-7E8A-436B-AC57-14330A920C05}"
EndProject
Global
	GlobalSection(SolutionConfigurationPlatforms) = preSolution
		Debug|Any CPU = Debug|Any CPU
		Release|Any CPU = Release|Any CPU
	EndGlobalSection
	GlobalSection(ProjectConfigurationPlatforms) = postSolution
		{7358381A-3D07-4961-81F6-FFF771851CAA}.Debug|Any CPU.ActiveCfg = Debug|Any CPU
		{7358381A-3D07-4961-81F6-FFF771851CAA}.Debug|Any CPU.Build.0 = Debug|Any CPU
		{7358381A-3D07-4961-81F6-FFF771851CAA}.Release|Any CPU.ActiveCfg = Release|Any CPU
		{7358381A-3D07-4961-81F6-FFF771851CAA}.Release|Any CPU.Build.0 = Release|Any CPU
		{0BE52C09-91CF-499F-8840-8126FF0B924D}.Debug|Any CPU.ActiveCfg = Debug|Any CPU
		{0BE52C09-91CF-499F-8840-8126FF0B924D}.Debug|Any CPU.Build.0 = Debug|Any CPU
		{0BE52C09-91CF-499F-8840-8126FF0B924D}.Release|Any CPU.ActiveCfg = Release|Any CPU
		{0BE52C09-91CF-499F-8840-8126FF0B924D}.Release|Any CPU.Build.0 = Release|Any CPU
		{8A2CE0C4-7E8A-436B-AC57-14330A920C05}.Debug|Any CPU.ActiveCfg = Debug|Any CPU
		{8A2CE0C4-7E8A-436B-AC57-14330A920C05}.Debug|Any CPU.Build.0 = Debug|Any CPU
		{8A2CE0C4-7E8A-436B-AC57-14330A920C05}.Release|Any CPU.ActiveCfg = Release|Any CPU
		{8A2CE0C4-7E8A-436B-AC57-14330A920C05}.Release|Any CPU.Build.0 = Release|Any CPU
	EndGlobalSection
	GlobalSection(SolutionProperties) = preSolution
		HideSolutionNode = FALSE
	EndGlobalSection
	GlobalSection(ExtensibilityGlobals) = postSolution
		SolutionGuid = {DD0CEE73-7540-4878-A073-A36F5C1006FE}
	EndGlobalSection
EndGlobal
